{
  "version": "2",
  "remote": {
    "https://deno.land/std@0.182.0/_util/asserts.ts": "178dfc49a464aee693a7e285567b3d0b555dc805ff490505a8aae34f9cfb1462",
    "https://deno.land/std@0.182.0/_util/os.ts": "d932f56d41e4f6a6093d56044e29ce637f8dcc43c5a90af43504a889cf1775e3",
    "https://deno.land/std@0.182.0/fmt/colors.ts": "d67e3cd9f472535241a8e410d33423980bec45047e343577554d3356e1f0ef4e",
    "https://deno.land/std@0.182.0/fs/_util.ts": "65381f341af1ff7f40198cee15c20f59951ac26e51ddc651c5293e24f9ce6f32",
    "https://deno.land/std@0.182.0/fs/copy.ts": "14214efd94fc3aa6db1e4af2b4b9578e50f7362b7f3725d5a14ad259a5df26c8",
    "https://deno.land/std@0.182.0/fs/ensure_dir.ts": "dc64c4c75c64721d4e3fb681f1382f803ff3d2868f08563ff923fdd20d071c40",
    "https://deno.land/std@0.182.0/path/_constants.ts": "e49961f6f4f48039c0dfed3c3f93e963ca3d92791c9d478ac5b43183413136e0",
    "https://deno.land/std@0.182.0/path/_interface.ts": "6471159dfbbc357e03882c2266d21ef9afdb1e4aa771b0545e90db58a0ba314b",
    "https://deno.land/std@0.182.0/path/_util.ts": "d7abb1e0dea065f427b89156e28cdeb32b045870acdf865833ba808a73b576d0",
    "https://deno.land/std@0.182.0/path/common.ts": "ee7505ab01fd22de3963b64e46cff31f40de34f9f8de1fff6a1bd2fe79380000",
    "https://deno.land/std@0.182.0/path/glob.ts": "d479e0a695621c94d3fd7fe7abd4f9499caf32a8de13f25073451c6ef420a4e1",
    "https://deno.land/std@0.182.0/path/mod.ts": "bf718f19a4fdd545aee1b06409ca0805bd1b68ecf876605ce632e932fe54510c",
    "https://deno.land/std@0.182.0/path/posix.ts": "8b7c67ac338714b30c816079303d0285dd24af6b284f7ad63da5b27372a2c94d",
    "https://deno.land/std@0.182.0/path/separator.ts": "0fb679739d0d1d7bf45b68dacfb4ec7563597a902edbaf3c59b50d5bcadd93b1",
    "https://deno.land/std@0.182.0/path/win32.ts": "d186344e5583bcbf8b18af416d13d82b35a317116e6460a5a3953508c3de5bba",
    "https://esm.sh/highlight.js@11.7.0/lib/core.js": "7cb9cc28e56e44d4a10e57a18f32457e8d8d413a9082d5815531facc11bdec2b",
    "https://esm.sh/highlight.js@11.7.0/lib/languages/bash": "4a8c464aae69f60630a57481cdc640385b5049781528351c8c4c80d58fcfa34f",
    "https://esm.sh/highlight.js@11.7.0/lib/languages/json": "7cc290848df171e9e24ef275611d10b7f21d948f5f2d5f7da57c3177692f6f76",
    "https://esm.sh/v114/highlight.js@11.7.0/deno/lib/core.js": "9c844a709235d0e17fb10b95df67dffbf7180c9e722bf144c1539d5759b78e44",
    "https://esm.sh/v114/highlight.js@11.7.0/deno/lib/languages/bash.js": "1452a1177305b34c3a9747214d12d137db3777c4ac812ca64775eae87740a3b1",
    "https://esm.sh/v114/highlight.js@11.7.0/deno/lib/languages/json.js": "dfb9368bd33c91ebebf95d4992f59d585f32bfb2c7e67c9115c5cbe0af820a4d",
    "https://esm.sh/v114/highlight.js@11.7.0/lib/core.d.ts": "656868da3b704190bb5ef5ceb61a6ff45d96bf07b0609350a998fdaabb941fd5",
    "https://esm.sh/v114/highlight.js@11.7.0/types/index.d.ts": "e70dd5f565b1e3ae1e7bf24d5419ca2c89fae3ae4bff8cb7fb90470dbcbc9229"
  },
  "npm": {
    "specifiers": {
      "clean-css@5.3.2": "clean-css@5.3.2",
      "highlight.js@11.7.0": "highlight.js@11.7.0",
      "marked@4.3.0": "marked@4.3.0"
    },
    "packages": {
      "clean-css@5.3.2": {
        "integrity": "sha512-JVJbM+f3d3Q704rF4bqQ5UUyTtuJ0JRKNbTKVEeujCCBoMdkEi+V+e8oktO9qGQNSvHrFTM6JZRXrUvGR1czww==",
        "dependencies": {
          "source-map": "source-map@0.6.1"
        }
      },
      "highlight.js@11.7.0": {
        "integrity": "sha512-1rRqesRFhMO/PRF+G86evnyJkCgaZFOI+Z6kdj15TA18funfoqJXvgPCLSf0SWq3SRfg1j3HlDs8o4s3EGq1oQ==",
        "dependencies": {}
      },
      "marked@4.3.0": {
        "integrity": "sha512-PRsaiG84bK+AMvxziE/lCFss8juXjNaWzVbN5tXAm4XjeaS9NAHhop+PjQxz2A9h8Q4M/xGmzP8vqNwy6JeK0A==",
        "dependencies": {}
      },
      "source-map@0.6.1": {
        "integrity": "sha512-UjgapumWlbMhkBgzT7Ykc5YXUT46F0iKu8SGXq0bcwP5dz/h0Plj6enJqjz1Zbq2l5WaqYnrVbwWOWMyF3F47g==",
        "dependencies": {}
      }
    }
  }
}
